
Microsoft Visual Studio Solution File, Format Version 12.00
# Visual Studio Version 17
VisualStudioVersion = 17.6.33712.159
MinimumVisualStudioVersion = 10.0.40219.1
Project("{FAE04EC0-301F-11D3-BF4B-00C04F79EFBC}") = "HellfireStore.Atendimento", "HellfireStore.Atendimento\HellfireStore.Atendimento.csproj", "{D75CB272-3C4D-4D19-8E8F-05A194D31C5B}"
EndProject
Global
	GlobalSection(SolutionConfigurationPlatforms) = preSolution
		Debug|Any CPU = Debug|Any CPU
		Release|Any CPU = Release|Any CPU
	EndGlobalSection
	GlobalSection(ProjectConfigurationPlatforms) = postSolution
		{D75CB272-3C4D-4D19-8E8F-05A194D31C5B}.Debug|Any CPU.ActiveCfg = Debug|Any CPU
		{D75CB272-3C4D-4D19-8E8F-05A194D31C5B}.Debug|Any CPU.Build.0 = Debug|Any CPU
		{D75CB272-3C4D-4D19-8E8F-05A194D31C5B}.Release|Any CPU.ActiveCfg = Release|Any CPU
		{D75CB272-3C4D-4D19-8E8F-05A194D31C5B}.Release|Any CPU.Build.0 = Release|Any CPU
	EndGlobalSection
	GlobalSection(SolutionProperties) = preSolution
		HideSolutionNode = FALSE
	EndGlobalSection
	GlobalSection(ExtensibilityGlobals) = postSolution
		SolutionGuid = {F7362DE7-62B2-45F8-B748-527AFADBA6AC}
	EndGlobalSection
EndGlobal
